
Microsoft Visual Studio Solution File, Format Version 12.00
# Visual Studio Version 16
VisualStudioVersion = 16.0.30330.147
MinimumVisualStudioVersion = 10.0.40219.1
Project("{FAE04EC0-301F-11D3-BF4B-00C04F79EFBC}") = "demoapp", "demoapp\demoapp.csproj", "{32EF0ED3-C8EE-47E8-9C7D-824E17A355DD}"
EndProject
Global
	GlobalSection(SolutionConfigurationPlatforms) = preSolution
		Debug|Any CPU = Debug|Any CPU
		Release|Any CPU = Release|Any CPU
	EndGlobalSection
	GlobalSection(ProjectConfigurationPlatforms) = postSolution
		{32EF0ED3-C8EE-47E8-9C7D-824E17A355DD}.Debug|Any CPU.ActiveCfg = Debug|Any CPU
		{32EF0ED3-C8EE-47E8-9C7D-824E17A355DD}.Debug|Any CPU.Build.0 = Debug|Any CPU
		{32EF0ED3-C8EE-47E8-9C7D-824E17A355DD}.Release|Any CPU.ActiveCfg = Release|Any CPU
		{32EF0ED3-C8EE-47E8-9C7D-824E17A355DD}.Release|Any CPU.Build.0 = Release|Any CPU
	EndGlobalSection
	GlobalSection(SolutionProperties) = preSolution
		HideSolutionNode = FALSE
	EndGlobalSection
	GlobalSection(ExtensibilityGlobals) = postSolution
		SolutionGuid = {16971A98-BB9D-4A7A-BE5F-19CA9D9CCA15}
	EndGlobalSection
EndGlobal
